
Microsoft Visual Studio Solution File, Format Version 12.00
# Visual Studio 15
VisualStudioVersion = 15.0.28307.421
MinimumVisualStudioVersion = 10.0.40219.1
Project("{2150E333-8FDC-42A3-9474-1A3956D46DE8}") = "Solution Items", "Solution Items", "{AD2B92FD-87C0-4B3E-A9C5-10E220D941BE}"
	ProjectSection(SolutionItems) = preProject
		..\Dockerfile = ..\Dockerfile
	EndProjectSection
EndProject
Project("{9A19103F-16F7-4668-BE54-9A1E7A4F7556}") = "SolarEdge.Monitor", "SolarEdge.Monitor\SolarEdge.Monitor.csproj", "{DB4E8069-6F2B-4261-A85E-E6F3A26D7EC3}"
EndProject
Project("{9A19103F-16F7-4668-BE54-9A1E7A4F7556}") = "SolarEdge.Monitor.Tests", "SolarEdge.Monitor.Tests\SolarEdge.Monitor.Tests.csproj", "{8EB35AFD-2907-4A0A-9EBE-69D56A0496C0}"
EndProject
Global
	GlobalSection(SolutionConfigurationPlatforms) = preSolution
		Debug|Any CPU = Debug|Any CPU
		Release|Any CPU = Release|Any CPU
	EndGlobalSection
	GlobalSection(ProjectConfigurationPlatforms) = postSolution
		{DB4E8069-6F2B-4261-A85E-E6F3A26D7EC3}.Debug|Any CPU.ActiveCfg = Debug|Any CPU
		{DB4E8069-6F2B-4261-A85E-E6F3A26D7EC3}.Debug|Any CPU.Build.0 = Debug|Any CPU
		{DB4E8069-6F2B-4261-A85E-E6F3A26D7EC3}.Release|Any CPU.ActiveCfg = Release|Any CPU
		{DB4E8069-6F2B-4261-A85E-E6F3A26D7EC3}.Release|Any CPU.Build.0 = Release|Any CPU
		{8EB35AFD-2907-4A0A-9EBE-69D56A0496C0}.Debug|Any CPU.ActiveCfg = Debug|Any CPU
		{8EB35AFD-2907-4A0A-9EBE-69D56A0496C0}.Debug|Any CPU.Build.0 = Debug|Any CPU
		{8EB35AFD-2907-4A0A-9EBE-69D56A0496C0}.Release|Any CPU.ActiveCfg = Release|Any CPU
		{8EB35AFD-2907-4A0A-9EBE-69D56A0496C0}.Release|Any CPU.Build.0 = Release|Any CPU
	EndGlobalSection
	GlobalSection(SolutionProperties) = preSolution
		HideSolutionNode = FALSE
	EndGlobalSection
	GlobalSection(ExtensibilityGlobals) = postSolution
		SolutionGuid = {0BFEC4AF-32FC-42E2-B5AC-87BA5B7CC1F7}
	EndGlobalSection
EndGlobal
